{
    "_readme": [
        "This file locks the dependencies of your project to a known state",
        "Read more about it at https://getcomposer.org/doc/01-basic-usage.md#installing-dependencies",
        "This file is @generated automatically"
    ],
    "content-hash": "01ba904f65338894b2465f5baf695a96",
    "packages": [
        {
            "name": "koriym/app-state-diagram",
            "version": "0.5.1",
            "source": {
                "type": "git",
                "url": "https://github.com/koriym/app-state-diagram.git",
                "reference": "1ddc0c126906da10b6531aa0c025ad7ccfd2931f"
            },
            "dist": {
                "type": "zip",
                "url": "https://api.github.com/repos/koriym/app-state-diagram/zipball/1ddc0c126906da10b6531aa0c025ad7ccfd2931f",
                "reference": "1ddc0c126906da10b6531aa0c025ad7ccfd2931f",
                "shasum": ""
            },
            "require": {
                "ext-filter": "*",
                "ext-json": "*",
                "ext-simplexml": "*",
                "michelf/php-markdown": "^1.9",
                "php": "^7.3 || ^8.0",
                "seld/jsonlint": "^1.8"
            },
            "require-dev": {
                "bamarni/composer-bin-plugin": "^1.4",
                "phpunit/phpunit": "^8.5",
                "roave/security-advisories": "dev-master"
            },
            "bin": [
                "bin/asd"
            ],
            "type": "library",
            "autoload": {
                "psr-4": {
                    "Koriym\\AppStateDiagram\\": "src/"
                },
                "files": [
                    "vendor-xml2json/xml2json.php"
                ]
            },
            "notification-url": "https://packagist.org/downloads/",
            "license": [
                "MIT"
            ],
            "authors": [
                {
                    "name": "Akihito Koriyama",
                    "email": "akihito.koriyama@gmail.com"
                }
            ],
            "description": "An Application Diagram Generator",
            "support": {
                "issues": "https://github.com/koriym/app-state-diagram/issues",
                "source": "https://github.com/koriym/app-state-diagram/tree/0.5.1"
            },
            "time": "2021-05-21T10:36:51+00:00"
        },
        {
            "name": "michelf/php-markdown",
            "version": "1.9.0",
            "source": {
                "type": "git",
                "url": "https://github.com/michelf/php-markdown.git",
                "reference": "c83178d49e372ca967d1a8c77ae4e051b3a3c75c"
            },
            "dist": {
                "type": "zip",
                "url": "https://api.github.com/repos/michelf/php-markdown/zipball/c83178d49e372ca967d1a8c77ae4e051b3a3c75c",
                "reference": "c83178d49e372ca967d1a8c77ae4e051b3a3c75c",
                "shasum": ""
            },
            "require": {
                "php": ">=5.3.0"
            },
            "require-dev": {
                "phpunit/phpunit": ">=4.3 <5.8"
            },
            "type": "library",
            "autoload": {
                "psr-4": {
                    "Michelf\\": "Michelf/"
                }
            },
            "notification-url": "https://packagist.org/downloads/",
            "license": [
                "BSD-3-Clause"
            ],
            "authors": [
                {
                    "name": "Michel Fortin",
                    "email": "michel.fortin@michelf.ca",
                    "homepage": "https://michelf.ca/",
                    "role": "Developer"
                },
                {
                    "name": "John Gruber",
                    "homepage": "https://daringfireball.net/"
                }
            ],
            "description": "PHP Markdown",
            "homepage": "https://michelf.ca/projects/php-markdown/",
            "keywords": [
                "markdown"
            ],
            "support": {
                "issues": "https://github.com/michelf/php-markdown/issues",
                "source": "https://github.com/michelf/php-markdown/tree/1.9.0"
            },
            "time": "2019-12-02T02:32:27+00:00"
        },
        {
            "name": "seld/jsonlint",
            "version": "1.8.3",
            "source": {
                "type": "git",
                "url": "https://github.com/Seldaek/jsonlint.git",
                "reference": "9ad6ce79c342fbd44df10ea95511a1b24dee5b57"
            },
            "dist": {
                "type": "zip",
                "url": "https://api.github.com/repos/Seldaek/jsonlint/zipball/9ad6ce79c342fbd44df10ea95511a1b24dee5b57",
                "reference": "9ad6ce79c342fbd44df10ea95511a1b24dee5b57",
                "shasum": ""
            },
            "require": {
                "php": "^5.3 || ^7.0 || ^8.0"
            },
            "require-dev": {
                "phpunit/phpunit": "^4.8.35 || ^5.7 || ^6.0"
            },
            "bin": [
                "bin/jsonlint"
            ],
            "type": "library",
            "autoload": {
                "psr-4": {
                    "Seld\\JsonLint\\": "src/Seld/JsonLint/"
                }
            },
            "notification-url": "https://packagist.org/downloads/",
            "license": [
                "MIT"
            ],
            "authors": [
                {
                    "name": "Jordi Boggiano",
                    "email": "j.boggiano@seld.be",
                    "homepage": "http://seld.be"
                }
            ],
            "description": "JSON Linter",
            "keywords": [
                "json",
                "linter",
                "parser",
                "validator"
            ],
            "support": {
                "issues": "https://github.com/Seldaek/jsonlint/issues",
                "source": "https://github.com/Seldaek/jsonlint/tree/1.8.3"
            },
            "funding": [
                {
                    "url": "https://github.com/Seldaek",
                    "type": "github"
                },
                {
                    "url": "https://tidelift.com/funding/github/packagist/seld/jsonlint",
                    "type": "tidelift"
                }
            ],
            "time": "2020-11-11T09:19:24+00:00"
        }
    ],
    "packages-dev": [],
    "aliases": [],
    "minimum-stability": "stable",
    "stability-flags": [],
    "prefer-stable": false,
    "prefer-lowest": false,
    "platform": [],
    "platform-dev": [],
    "plugin-api-version": "2.0.0"
}
